// !$*UTF8*$!
{
	archiveVersion = 1;
	classes = {
	};
	objectVersion = 56;
	objects = {

/* Begin PBXBuildFile section */
		569400B029BA70E200263DB6 /* Day23_Environment_modifiersApp.swift in Sources */ = {isa = PBXBuildFile; fileRef = 569400AF29BA70E200263DB6 /* Day23_Environment_modifiersApp.swift */; };
		569400B229BA70E200263DB6 /* ContentView.swift in Sources */ = {isa = PBXBuildFile; fileRef = 569400B129BA70E200263DB6 /* ContentView.swift */; };
		569400B429BA70E400263DB6 /* Assets.xcassets in Resources */ = {isa = PBXBuildFile; fileRef = 569400B329BA70E400263DB6 /* Assets.xcassets */; };
		569400B729BA70E400263DB6 /* Preview Assets.xcassets in Resources */ = {isa = PBXBuildFile; fileRef = 569400B629BA70E400263DB6 /* Preview Assets.xcassets */; };
		569400C129BA70E400263DB6 /* Day23_Environment_modifiersTests.swift in Sources */ = {isa = PBXBuildFile; fileRef = 569400C029BA70E400263DB6 /* Day23_Environment_modifiersTests.swift */; };
		569400CB29BA70E400263DB6 /* Day23_Environment_modifiersUITests.swift in Sources */ = {isa = PBXBuildFile; fileRef = 569400CA29BA70E400263DB6 /* Day23_Environment_modifiersUITests.swift */; };
		569400CD29BA70E400263DB6 /* Day23_Environment_modifiersUITestsLaunchTests.swift in Sources */ = {isa = PBXBuildFile; fileRef = 569400CC29BA70E400263DB6 /* Day23_Environment_modifiersUITestsLaunchTests.swift */; };
/* End PBXBuildFile section */

/* Begin PBXContainerItemProxy section */
		569400BD29BA70E400263DB6 /* PBXContainerItemProxy */ = {
			isa = PBXContainerItemProxy;
			containerPortal = 569400A429BA70E200263DB6 /* Project object */;
			proxyType = 1;
			remoteGlobalIDString = 569400AB29BA70E200263DB6;
			remoteInfo = "Day23_Environment modifiers";
		};
		569400C729BA70E400263DB6 /* PBXContainerItemProxy */ = {
			isa = PBXContainerItemProxy;
			containerPortal = 569400A429BA70E200263DB6 /* Project object */;
			proxyType = 1;
			remoteGlobalIDString = 569400AB29BA70E200263DB6;
			remoteInfo = "Day23_Environment modifiers";
		};
/* End PBXContainerItemProxy section */

/* Begin PBXFileReference section */
		569400AC29BA70E200263DB6 /* Day23_Environment modifiers.app */ = {isa = PBXFileReference; explicitFileType = wrapper.application; includeInIndex = 0; path = "Day23_Environment modifiers.app"; sourceTree = BUILT_PRODUCTS_DIR; };
		569400AF29BA70E200263DB6 /* Day23_Environment_modifiersApp.swift */ = {isa = PBXFileReference; lastKnownFileType = sourcecode.swift; path = Day23_Environment_modifiersApp.swift; sourceTree = "<group>"; };
		569400B129BA70E200263DB6 /* ContentView.swift */ = {isa = PBXFileReference; lastKnownFileType = sourcecode.swift; path = ContentView.swift; sourceTree = "<group>"; };
		569400B329BA70E400263DB6 /* Assets.xcassets */ = {isa = PBXFileReference; lastKnownFileType = folder.assetcatalog; path = Assets.xcassets; sourceTree = "<group>"; };
		569400B629BA70E400263DB6 /* Preview Assets.xcassets */ = {isa = PBXFileReference; lastKnownFileType = folder.assetcatalog; path = "Preview Assets.xcassets"; sourceTree = "<group>"; };
		569400BC29BA70E400263DB6 /* Day23_Environment modifiersTests.xctest */ = {isa = PBXFileReference; explicitFileType = wrapper.cfbundle; includeInIndex = 0; path = "Day23_Environment modifiersTests.xctest"; sourceTree = BUILT_PRODUCTS_DIR; };
		569400C029BA70E400263DB6 /* Day23_Environment_modifiersTests.swift */ = {isa = PBXFileReference; lastKnownFileType = sourcecode.swift; path = Day23_Environment_modifiersTests.swift; sourceTree = "<group>"; };
		569400C629BA70E400263DB6 /* Day23_Environment modifiersUITests.xctest */ = {isa = PBXFileReference; explicitFileType = wrapper.cfbundle; includeInIndex = 0; path = "Day23_Environment modifiersUITests.xctest"; sourceTree = BUILT_PRODUCTS_DIR; };
		569400CA29BA70E400263DB6 /* Day23_Environment_modifiersUITests.swift */ = {isa = PBXFileReference; lastKnownFileType = sourcecode.swift; path = Day23_Environment_modifiersUITests.swift; sourceTree = "<group>"; };
		569400CC29BA70E400263DB6 /* Day23_Environment_modifiersUITestsLaunchTests.swift */ = {isa = PBXFileReference; lastKnownFileType = sourcecode.swift; path = Day23_Environment_modifiersUITestsLaunchTests.swift; sourceTree = "<group>"; };
/* End PBXFileReference section */

/* Begin PBXFrameworksBuildPhase section */
		569400A929BA70E200263DB6 /* Frameworks */ = {
			isa = PBXFrameworksBuildPhase;
			buildActionMask = 2147483647;
			files = (
			);
			runOnlyForDeploymentPostprocessing = 0;
		};
		569400B929BA70E400263DB6 /* Frameworks */ = {
			isa = PBXFrameworksBuildPhase;
			buildActionMask = 2147483647;
			files = (
			);
			runOnlyForDeploymentPostprocessing = 0;
		};
		569400C329BA70E400263DB6 /* Frameworks */ = {
			isa = PBXFrameworksBuildPhase;
			buildActionMask = 2147483647;
			files = (
			);
			runOnlyForDeploymentPostprocessing = 0;
		};
/* End PBXFrameworksBuildPhase section */

/* Begin PBXGroup section */
		569400A329BA70E200263DB6 = {
			isa = PBXGroup;
			children = (
				569400AE29BA70E200263DB6 /* Day23_Environment modifiers */,
				569400BF29BA70E400263DB6 /* Day23_Environment modifiersTests */,
				569400C929BA70E400263DB6 /* Day23_Environment modifiersUITests */,
				569400AD29BA70E200263DB6 /* Products */,
			);
			sourceTree = "<group>";
		};
		569400AD29BA70E200263DB6 /* Products */ = {
			isa = PBXGroup;
			children = (
				569400AC29BA70E200263DB6 /* Day23_Environment modifiers.app */,
				569400BC29BA70E400263DB6 /* Day23_Environment modifiersTests.xctest */,
				569400C629BA70E400263DB6 /* Day23_Environment modifiersUITests.xctest */,
			);
			name = Products;
			sourceTree = "<group>";
		};
		569400AE29BA70E200263DB6 /* Day23_Environment modifiers */ = {
			isa = PBXGroup;
			children = (
				569400AF29BA70E200263DB6 /* Day23_Environment_modifiersApp.swift */,
				569400B129BA70E200263DB6 /* ContentView.swift */,
				569400B329BA70E400263DB6 /* Assets.xcassets */,
				569400B529BA70E400263DB6 /* Preview Content */,
			);
			path = "Day23_Environment modifiers";
			sourceTree = "<group>";
		};
		569400B529BA70E400263DB6 /* Preview Content */ = {
			isa = PBXGroup;
			children = (
				569400B629BA70E400263DB6 /* Preview Assets.xcassets */,
			);
			path = "Preview Content";
			sourceTree = "<group>";
		};
		569400BF29BA70E400263DB6 /* Day23_Environment modifiersTests */ = {
			isa = PBXGroup;
			children = (
				569400C029BA70E400263DB6 /* Day23_Environment_modifiersTests.swift */,
			);
			path = "Day23_Environment modifiersTests";
			sourceTree = "<group>";
		};
		569400C929BA70E400263DB6 /* Day23_Environment modifiersUITests */ = {
			isa = PBXGroup;
			children = (
				569400CA29BA70E400263DB6 /* Day23_Environment_modifiersUITests.swift */,
				569400CC29BA70E400263DB6 /* Day23_Environment_modifiersUITestsLaunchTests.swift */,
			);
			path = "Day23_Environment modifiersUITests";
			sourceTree = "<group>";
		};
/* End PBXGroup section */

/* Begin PBXNativeTarget section */
		569400AB29BA70E200263DB6 /* Day23_Environment modifiers */ = {
			isa = PBXNativeTarget;
			buildConfigurationList = 569400D029BA70E400263DB6 /* Build configuration list for PBXNativeTarget "Day23_Environment modifiers" */;
			buildPhases = (
				569400A829BA70E200263DB6 /* Sources */,
				569400A929BA70E200263DB6 /* Frameworks */,
				569400AA29BA70E200263DB6 /* Resources */,
			);
			buildRules = (
			);
			dependencies = (
			);
			name = "Day23_Environment modifiers";
			productName = "Day23_Environment modifiers";
			productReference = 569400AC29BA70E200263DB6 /* Day23_Environment modifiers.app */;
			productType = "com.apple.product-type.application";
		};
		569400BB29BA70E400263DB6 /* Day23_Environment modifiersTests */ = {
			isa = PBXNativeTarget;
			buildConfigurationList = 569400D329BA70E400263DB6 /* Build configuration list for PBXNativeTarget "Day23_Environment modifiersTests" */;
			buildPhases = (
				569400B829BA70E400263DB6 /* Sources */,
				569400B929BA70E400263DB6 /* Frameworks */,
				569400BA29BA70E400263DB6 /* Resources */,
			);
			buildRules = (
			);
			dependencies = (
				569400BE29BA70E400263DB6 /* PBXTargetDependency */,
			);
			name = "Day23_Environment modifiersTests";
			productName = "Day23_Environment modifiersTests";
			productReference = 569400BC29BA70E400263DB6 /* Day23_Environment modifiersTests.xctest */;
			productType = "com.apple.product-type.bundle.unit-test";
		};
		569400C529BA70E400263DB6 /* Day23_Environment modifiersUITests */ = {
			isa = PBXNativeTarget;
			buildConfigurationList = 569400D629BA70E400263DB6 /* Build configuration list for PBXNativeTarget "Day23_Environment modifiersUITests" */;
			buildPhases = (
				569400C229BA70E400263DB6 /* Sources */,
				569400C329BA70E400263DB6 /* Frameworks */,
				569400C429BA70E400263DB6 /* Resources */,
			);
			buildRules = (
			);
			dependencies = (
				569400C829BA70E400263DB6 /* PBXTargetDependency */,
			);
			name = "Day23_Environment modifiersUITests";
			productName = "Day23_Environment modifiersUITests";
			productReference = 569400C629BA70E400263DB6 /* Day23_Environment modifiersUITests.xctest */;
			productType = "com.apple.product-type.bundle.ui-testing";
		};
/* End PBXNativeTarget section */

/* Begin PBXProject section */
		569400A429BA70E200263DB6 /* Project object */ = {
			isa = PBXProject;
			attributes = {
				BuildIndependentTargetsInParallel = 1;
				LastSwiftUpdateCheck = 1420;
				LastUpgradeCheck = 1420;
				TargetAttributes = {
					569400AB29BA70E200263DB6 = {
						CreatedOnToolsVersion = 14.2;
					};
					569400BB29BA70E400263DB6 = {
						CreatedOnToolsVersion = 14.2;
						TestTargetID = 569400AB29BA70E200263DB6;
					};
					569400C529BA70E400263DB6 = {
						CreatedOnToolsVersion = 14.2;
						TestTargetID = 569400AB29BA70E200263DB6;
					};
				};
			};
			buildConfigurationList = 569400A729BA70E200263DB6 /* Build configuration list for PBXProject "Day23_Environment modifiers" */;
			compatibilityVersion = "Xcode 14.0";
			developmentRegion = en;
			hasScannedForEncodings = 0;
			knownRegions = (
				en,
				Base,
			);
			mainGroup = 569400A329BA70E200263DB6;
			productRefGroup = 569400AD29BA70E200263DB6 /* Products */;
			projectDirPath = "";
			projectRoot = "";
			targets = (
				569400AB29BA70E200263DB6 /* Day23_Environment modifiers */,
				569400BB29BA70E400263DB6 /* Day23_Environment modifiersTests */,
				569400C529BA70E400263DB6 /* Day23_Environment modifiersUITests */,
			);
		};
/* End PBXProject section */

/* Begin PBXResourcesBuildPhase section */
		569400AA29BA70E200263DB6 /* Resources */ = {
			isa = PBXResourcesBuildPhase;
			buildActionMask = 2147483647;
			files = (
				569400B729BA70E400263DB6 /* Preview Assets.xcassets in Resources */,
				569400B429BA70E400263DB6 /* Assets.xcassets in Resources */,
			);
			runOnlyForDeploymentPostprocessing = 0;
		};
		569400BA29BA70E400263DB6 /* Resources */ = {
			isa = PBXResourcesBuildPhase;
			buildActionMask = 2147483647;
			files = (
			);
			runOnlyForDeploymentPostprocessing = 0;
		};
		569400C429BA70E400263DB6 /* Resources */ = {
			isa = PBXResourcesBuildPhase;
			buildActionMask = 2147483647;
			files = (
			);
			runOnlyForDeploymentPostprocessing = 0;
		};
/* End PBXResourcesBuildPhase section */

/* Begin PBXSourcesBuildPhase section */
		569400A829BA70E200263DB6 /* Sources */ = {
			isa = PBXSourcesBuildPhase;
			buildActionMask = 2147483647;
			files = (
				569400B229BA70E200263DB6 /* ContentView.swift in Sources */,
				569400B029BA70E200263DB6 /* Day23_Environment_modifiersApp.swift in Sources */,
			);
			runOnlyForDeploymentPostprocessing = 0;
		};
		569400B829BA70E400263DB6 /* Sources */ = {
			isa = PBXSourcesBuildPhase;
			buildActionMask = 2147483647;
			files = (
				569400C129BA70E400263DB6 /* Day23_Environment_modifiersTests.swift in Sources */,
			);
			runOnlyForDeploymentPostprocessing = 0;
		};
		569400C229BA70E400263DB6 /* Sources */ = {
			isa = PBXSourcesBuildPhase;
			buildActionMask = 2147483647;
			files = (
				569400CB29BA70E400263DB6 /* Day23_Environment_modifiersUITests.swift in Sources */,
				569400CD29BA70E400263DB6 /* Day23_Environment_modifiersUITestsLaunchTests.swift in Sources */,
			);
			runOnlyForDeploymentPostprocessing = 0;
		};
/* End PBXSourcesBuildPhase section */

/* Begin PBXTargetDependency section */
		569400BE29BA70E400263DB6 /* PBXTargetDependency */ = {
			isa = PBXTargetDependency;
			target = 569400AB29BA70E200263DB6 /* Day23_Environment modifiers */;
			targetProxy = 569400BD29BA70E400263DB6 /* PBXContainerItemProxy */;
		};
		569400C829BA70E400263DB6 /* PBXTargetDependency */ = {
			isa = PBXTargetDependency;
			target = 569400AB29BA70E200263DB6 /* Day23_Environment modifiers */;
			targetProxy = 569400C729BA70E400263DB6 /* PBXContainerItemProxy */;
		};
/* End PBXTargetDependency section */

/* Begin XCBuildConfiguration section */
		569400CE29BA70E400263DB6 /* Debug */ = {
			isa = XCBuildConfiguration;
			buildSettings = {
				ALWAYS_SEARCH_USER_PATHS = NO;
				CLANG_ANALYZER_NONNULL = YES;
				CLANG_ANALYZER_NUMBER_OBJECT_CONVERSION = YES_AGGRESSIVE;
				CLANG_CXX_LANGUAGE_STANDARD = "gnu++20";
				CLANG_ENABLE_MODULES = YES;
				CLANG_ENABLE_OBJC_ARC = YES;
				CLANG_ENABLE_OBJC_WEAK = YES;
				CLANG_WARN_BLOCK_CAPTURE_AUTORELEASING = YES;
				CLANG_WARN_BOOL_CONVERSION = YES;
				CLANG_WARN_COMMA = YES;
				CLANG_WARN_CONSTANT_CONVERSION = YES;
				CLANG_WARN_DEPRECATED_OBJC_IMPLEMENTATIONS = YES;
				CLANG_WARN_DIRECT_OBJC_ISA_USAGE = YES_ERROR;
				CLANG_WARN_DOCUMENTATION_COMMENTS = YES;
				CLANG_WARN_EMPTY_BODY = YES;
				CLANG_WARN_ENUM_CONVERSION = YES;
				CLANG_WARN_INFINITE_RECURSION = YES;
				CLANG_WARN_INT_CONVERSION = YES;
				CLANG_WARN_NON_LITERAL_NULL_CONVERSION = YES;
				CLANG_WARN_OBJC_IMPLICIT_RETAIN_SELF = YES;
				CLANG_WARN_OBJC_LITERAL_CONVERSION = YES;
				CLANG_WARN_OBJC_ROOT_CLASS = YES_ERROR;
				CLANG_WARN_QUOTED_INCLUDE_IN_FRAMEWORK_HEADER = YES;
				CLANG_WARN_RANGE_LOOP_ANALYSIS = YES;
				CLANG_WARN_STRICT_PROTOTYPES = YES;
				CLANG_WARN_SUSPICIOUS_MOVE = YES;
				CLANG_WARN_UNGUARDED_AVAILABILITY = YES_AGGRESSIVE;
				CLANG_WARN_UNREACHABLE_CODE = YES;
				CLANG_WARN__DUPLICATE_METHOD_MATCH = YES;
				COPY_PHASE_STRIP = NO;
				DEBUG_INFORMATION_FORMAT = dwarf;
				ENABLE_STRICT_OBJC_MSGSEND = YES;
				ENABLE_TESTABILITY = YES;
				GCC_C_LANGUAGE_STANDARD = gnu11;
				GCC_DYNAMIC_NO_PIC = NO;
				GCC_NO_COMMON_BLOCKS = YES;
				GCC_OPTIMIZATION_LEVEL = 0;
				GCC_PREPROCESSOR_DEFINITIONS = (
					"DEBUG=1",
					"$(inherited)",
				);
				GCC_WARN_64_TO_32_BIT_CONVERSION = YES;
				GCC_WARN_ABOUT_RETURN_TYPE = YES_ERROR;
				GCC_WARN_UNDECLARED_SELECTOR = YES;
				GCC_WARN_UNINITIALIZED_AUTOS = YES_AGGRESSIVE;
				GCC_WARN_UNUSED_FUNCTION = YES;
				GCC_WARN_UNUSED_VARIABLE = YES;
				IPHONEOS_DEPLOYMENT_TARGET = 16.2;
				MTL_ENABLE_DEBUG_INFO = INCLUDE_SOURCE;
				MTL_FAST_MATH = YES;
				ONLY_ACTIVE_ARCH = YES;
				SDKROOT = iphoneos;
				SWIFT_ACTIVE_COMPILATION_CONDITIONS = DEBUG;
				SWIFT_OPTIMIZATION_LEVEL = "-Onone";
			};
			name = Debug;
		};
		569400CF29BA70E400263DB6 /* Release */ = {
			isa = XCBuildConfiguration;
			buildSettings = {
				ALWAYS_SEARCH_USER_PATHS = NO;
				CLANG_ANALYZER_NONNULL = YES;
				CLANG_ANALYZER_NUMBER_OBJECT_CONVERSION = YES_AGGRESSIVE;
				CLANG_CXX_LANGUAGE_STANDARD = "gnu++20";
				CLANG_ENABLE_MODULES = YES;
				CLANG_ENABLE_OBJC_ARC = YES;
				CLANG_ENABLE_OBJC_WEAK = YES;
				CLANG_WARN_BLOCK_CAPTURE_AUTORELEASING = YES;
				CLANG_WARN_BOOL_CONVERSION = YES;
				CLANG_WARN_COMMA = YES;
				CLANG_WARN_CONSTANT_CONVERSION = YES;
				CLANG_WARN_DEPRECATED_OBJC_IMPLEMENTATIONS = YES;
				CLANG_WARN_DIRECT_OBJC_ISA_USAGE = YES_ERROR;
				CLANG_WARN_DOCUMENTATION_COMMENTS = YES;
				CLANG_WARN_EMPTY_BODY = YES;
				CLANG_WARN_ENUM_CONVERSION = YES;
				CLANG_WARN_INFINITE_RECURSION = YES;
				CLANG_WARN_INT_CONVERSION = YES;
				CLANG_WARN_NON_LITERAL_NULL_CONVERSION = YES;
				CLANG_WARN_OBJC_IMPLICIT_RETAIN_SELF = YES;
				CLANG_WARN_OBJC_LITERAL_CONVERSION = YES;
				CLANG_WARN_OBJC_ROOT_CLASS = YES_ERROR;
				CLANG_WARN_QUOTED_INCLUDE_IN_FRAMEWORK_HEADER = YES;
				CLANG_WARN_RANGE_LOOP_ANALYSIS = YES;
				CLANG_WARN_STRICT_PROTOTYPES = YES;
				CLANG_WARN_SUSPICIOUS_MOVE = YES;
				CLANG_WARN_UNGUARDED_AVAILABILITY = YES_AGGRESSIVE;
				CLANG_WARN_UNREACHABLE_CODE = YES;
				CLANG_WARN__DUPLICATE_METHOD_MATCH = YES;
				COPY_PHASE_STRIP = NO;
				DEBUG_INFORMATION_FORMAT = "dwarf-with-dsym";
				ENABLE_NS_ASSERTIONS = NO;
				ENABLE_STRICT_OBJC_MSGSEND = YES;
				GCC_C_LANGUAGE_STANDARD = gnu11;
				GCC_NO_COMMON_BLOCKS = YES;
				GCC_WARN_64_TO_32_BIT_CONVERSION = YES;
				GCC_WARN_ABOUT_RETURN_TYPE = YES_ERROR;
				GCC_WARN_UNDECLARED_SELECTOR = YES;
				GCC_WARN_UNINITIALIZED_AUTOS = YES_AGGRESSIVE;
				GCC_WARN_UNUSED_FUNCTION = YES;
				GCC_WARN_UNUSED_VARIABLE = YES;
				IPHONEOS_DEPLOYMENT_TARGET = 16.2;
				MTL_ENABLE_DEBUG_INFO = NO;
				MTL_FAST_MATH = YES;
				SDKROOT = iphoneos;
				SWIFT_COMPILATION_MODE = wholemodule;
				SWIFT_OPTIMIZATION_LEVEL = "-O";
				VALIDATE_PRODUCT = YES;
			};
			name = Release;
		};
		569400D129BA70E400263DB6 /* Debug */ = {
			isa = XCBuildConfiguration;
			buildSettings = {
				ASSETCATALOG_COMPILER_APPICON_NAME = AppIcon;
				ASSETCATALOG_COMPILER_GLOBAL_ACCENT_COLOR_NAME = AccentColor;
				CODE_SIGN_STYLE = Automatic;
				CURRENT_PROJECT_VERSION = 1;
				DEVELOPMENT_ASSET_PATHS = "\"Day23_Environment modifiers/Preview Content\"";
				DEVELOPMENT_TEAM = T9PS7UYXRY;
				ENABLE_PREVIEWS = YES;
				GENERATE_INFOPLIST_FILE = YES;
				INFOPLIST_KEY_UIApplicationSceneManifest_Generation = YES;
				INFOPLIST_KEY_UIApplicationSupportsIndirectInputEvents = YES;
				INFOPLIST_KEY_UILaunchScreen_Generation = YES;
				INFOPLIST_KEY_UISupportedInterfaceOrientations_iPad = "UIInterfaceOrientationPortrait UIInterfaceOrientationPortraitUpsideDown UIInterfaceOrientationLandscapeLeft UIInterfaceOrientationLandscapeRight";
				INFOPLIST_KEY_UISupportedInterfaceOrientations_iPhone = "UIInterfaceOrientationPortrait UIInterfaceOrientationLandscapeLeft UIInterfaceOrientationLandscapeRight";
				LD_RUNPATH_SEARCH_PATHS = (
					"$(inherited)",
					"@executable_path/Frameworks",
				);
				MARKETING_VERSION = 1.0;
				PRODUCT_BUNDLE_IDENTIFIER = "E.B..Day23-Environment-modifiers";
				PRODUCT_NAME = "$(TARGET_NAME)";
				SWIFT_EMIT_LOC_STRINGS = YES;
				SWIFT_VERSION = 5.0;
				TARGETED_DEVICE_FAMILY = "1,2";
			};
			name = Debug;
		};
		569400D229BA70E400263DB6 /* Release */ = {
			isa = XCBuildConfiguration;
			buildSettings = {
				ASSETCATALOG_COMPILER_APPICON_NAME = AppIcon;
				ASSETCATALOG_COMPILER_GLOBAL_ACCENT_COLOR_NAME = AccentColor;
				CODE_SIGN_STYLE = Automatic;
				CURRENT_PROJECT_VERSION = 1;
				DEVELOPMENT_ASSET_PATHS = "\"Day23_Environment modifiers/Preview Content\"";
				DEVELOPMENT_TEAM = T9PS7UYXRY;
				ENABLE_PREVIEWS = YES;
				GENERATE_INFOPLIST_FILE = YES;
				INFOPLIST_KEY_UIApplicationSceneManifest_Generation = YES;
				INFOPLIST_KEY_UIApplicationSupportsIndirectInputEvents = YES;
				INFOPLIST_KEY_UILaunchScreen_Generation = YES;
				INFOPLIST_KEY_UISupportedInterfaceOrientations_iPad = "UIInterfaceOrientationPortrait UIInterfaceOrientationPortraitUpsideDown UIInterfaceOrientationLandscapeLeft UIInterfaceOrientationLandscapeRight";
				INFOPLIST_KEY_UISupportedInterfaceOrientations_iPhone = "UIInterfaceOrientationPortrait UIInterfaceOrientationLandscapeLeft UIInterfaceOrientationLandscapeRight";
				LD_RUNPATH_SEARCH_PATHS = (
					"$(inherited)",
					"@executable_path/Frameworks",
				);
				MARKETING_VERSION = 1.0;
				PRODUCT_BUNDLE_IDENTIFIER = "E.B..Day23-Environment-modifiers";
				PRODUCT_NAME = "$(TARGET_NAME)";
				SWIFT_EMIT_LOC_STRINGS = YES;
				SWIFT_VERSION = 5.0;
				TARGETED_DEVICE_FAMILY = "1,2";
			};
			name = Release;
		};
		569400D429BA70E400263DB6 /* Debug */ = {
			isa = XCBuildConfiguration;
			buildSettings = {
				ALWAYS_EMBED_SWIFT_STANDARD_LIBRARIES = YES;
				BUNDLE_LOADER = "$(TEST_HOST)";
				CODE_SIGN_STYLE = Automatic;
				CURRENT_PROJECT_VERSION = 1;
				DEVELOPMENT_TEAM = T9PS7UYXRY;
				GENERATE_INFOPLIST_FILE = YES;
				IPHONEOS_DEPLOYMENT_TARGET = 16.2;
				MARKETING_VERSION = 1.0;
				PRODUCT_BUNDLE_IDENTIFIER = "E.B..Day23-Environment-modifiersTests";
				PRODUCT_NAME = "$(TARGET_NAME)";
				SWIFT_EMIT_LOC_STRINGS = NO;
				SWIFT_VERSION = 5.0;
				TARGETED_DEVICE_FAMILY = "1,2";
				TEST_HOST = "$(BUILT_PRODUCTS_DIR)/Day23_Environment modifiers.app/$(BUNDLE_EXECUTABLE_FOLDER_PATH)/Day23_Environment modifiers";
			};
			name = Debug;
		};
		569400D529BA70E400263DB6 /* Release */ = {
			isa = XCBuildConfiguration;
			buildSettings = {
				ALWAYS_EMBED_SWIFT_STANDARD_LIBRARIES = YES;
				BUNDLE_LOADER = "$(TEST_HOST)";
				CODE_SIGN_STYLE = Automatic;
				CURRENT_PROJECT_VERSION = 1;
				DEVELOPMENT_TEAM = T9PS7UYXRY;
				GENERATE_INFOPLIST_FILE = YES;
				IPHONEOS_DEPLOYMENT_TARGET = 16.2;
				MARKETING_VERSION = 1.0;
				PRODUCT_BUNDLE_IDENTIFIER = "E.B..Day23-Environment-modifiersTests";
				PRODUCT_NAME = "$(TARGET_NAME)";
				SWIFT_EMIT_LOC_STRINGS = NO;
				SWIFT_VERSION = 5.0;
				TARGETED_DEVICE_FAMILY = "1,2";
				TEST_HOST = "$(BUILT_PRODUCTS_DIR)/Day23_Environment modifiers.app/$(BUNDLE_EXECUTABLE_FOLDER_PATH)/Day23_Environment modifiers";
			};
			name = Release;
		};
		569400D729BA70E400263DB6 /* Debug */ = {
			isa = XCBuildConfiguration;
			buildSettings = {
				ALWAYS_EMBED_SWIFT_STANDARD_LIBRARIES = YES;
				CODE_SIGN_STYLE = Automatic;
				CURRENT_PROJECT_VERSION = 1;
				DEVELOPMENT_TEAM = T9PS7UYXRY;
				GENERATE_INFOPLIST_FILE = YES;
				MARKETING_VERSION = 1.0;
				PRODUCT_BUNDLE_IDENTIFIER = "E.B..Day23-Environment-modifiersUITests";
				PRODUCT_NAME = "$(TARGET_NAME)";
				SWIFT_EMIT_LOC_STRINGS = NO;
				SWIFT_VERSION = 5.0;
				TARGETED_DEVICE_FAMILY = "1,2";
				TEST_TARGET_NAME = "Day23_Environment modifiers";
			};
			name = Debug;
		};
		569400D829BA70E400263DB6 /* Release */ = {
			isa = XCBuildConfiguration;
			buildSettings = {
				ALWAYS_EMBED_SWIFT_STANDARD_LIBRARIES = YES;
				CODE_SIGN_STYLE = Automatic;
				CURRENT_PROJECT_VERSION = 1;
				DEVELOPMENT_TEAM = T9PS7UYXRY;
				GENERATE_INFOPLIST_FILE = YES;
				MARKETING_VERSION = 1.0;
				PRODUCT_BUNDLE_IDENTIFIER = "E.B..Day23-Environment-modifiersUITests";
				PRODUCT_NAME = "$(TARGET_NAME)";
				SWIFT_EMIT_LOC_STRINGS = NO;
				SWIFT_VERSION = 5.0;
				TARGETED_DEVICE_FAMILY = "1,2";
				TEST_TARGET_NAME = "Day23_Environment modifiers";
			};
			name = Release;
		};
/* End XCBuildConfiguration section */

/* Begin XCConfigurationList section */
		569400A729BA70E200263DB6 /* Build configuration list for PBXProject "Day23_Environment modifiers" */ = {
			isa = XCConfigurationList;
			buildConfigurations = (
				569400CE29BA70E400263DB6 /* Debug */,
				569400CF29BA70E400263DB6 /* Release */,
			);
			defaultConfigurationIsVisible = 0;
			defaultConfigurationName = Release;
		};
		569400D029BA70E400263DB6 /* Build configuration list for PBXNativeTarget "Day23_Environment modifiers" */ = {
			isa = XCConfigurationList;
			buildConfigurations = (
				569400D129BA70E400263DB6 /* Debug */,
				569400D229BA70E400263DB6 /* Release */,
			);
			defaultConfigurationIsVisible = 0;
			defaultConfigurationName = Release;
		};
		569400D329BA70E400263DB6 /* Build configuration list for PBXNativeTarget "Day23_Environment modifiersTests" */ = {
			isa = XCConfigurationList;
			buildConfigurations = (
				569400D429BA70E400263DB6 /* Debug */,
				569400D529BA70E400263DB6 /* Release */,
			);
			defaultConfigurationIsVisible = 0;
			defaultConfigurationName = Release;
		};
		569400D629BA70E400263DB6 /* Build configuration list for PBXNativeTarget "Day23_Environment modifiersUITests" */ = {
			isa = XCConfigurationList;
			buildConfigurations = (
				569400D729BA70E400263DB6 /* Debug */,
				569400D829BA70E400263DB6 /* Release */,
			);
			defaultConfigurationIsVisible = 0;
			defaultConfigurationName = Release;
		};
/* End XCConfigurationList section */
	};
	rootObject = 569400A429BA70E200263DB6 /* Project object */;
}
